
Microsoft Visual Studio Solution File, Format Version 12.00
# Visual Studio Version 16
VisualStudioVersion = 16.0.29411.108
MinimumVisualStudioVersion = 10.0.40219.1
Project("{FAE04EC0-301F-11D3-BF4B-00C04F79EFBC}") = "App.Android", "App\App.Android\App.Android.csproj", "{AE1977E3-AC52-4FE0-8D52-985922AC5D12}"
EndProject
Project("{FAE04EC0-301F-11D3-BF4B-00C04F79EFBC}") = "App.iOS", "App\App.iOS\App.iOS.csproj", "{8E51F494-334F-4CEE-A3CF-60C9E03B636C}"
EndProject
Project("{FAE04EC0-301F-11D3-BF4B-00C04F79EFBC}") = "App", "App\App\App.csproj", "{68558B5C-53F4-4CEA-ADF6-BFDDD5F789FF}"
EndProject
Global
	GlobalSection(SolutionConfigurationPlatforms) = preSolution
		Debug|Any CPU = Debug|Any CPU
		Debug|iPhone = Debug|iPhone
		Debug|iPhoneSimulator = Debug|iPhoneSimulator
		Release|Any CPU = Release|Any CPU
		Release|iPhone = Release|iPhone
		Release|iPhoneSimulator = Release|iPhoneSimulator
	EndGlobalSection
	GlobalSection(ProjectConfigurationPlatforms) = postSolution
		{AE1977E3-AC52-4FE0-8D52-985922AC5D12}.Debug|Any CPU.ActiveCfg = Debug|Any CPU
		{AE1977E3-AC52-4FE0-8D52-985922AC5D12}.Debug|Any CPU.Build.0 = Debug|Any CPU
		{AE1977E3-AC52-4FE0-8D52-985922AC5D12}.Debug|Any CPU.Deploy.0 = Debug|Any CPU
		{AE1977E3-AC52-4FE0-8D52-985922AC5D12}.Debug|iPhone.ActiveCfg = Debug|Any CPU
		{AE1977E3-AC52-4FE0-8D52-985922AC5D12}.Debug|iPhone.Build.0 = Debug|Any CPU
		{AE1977E3-AC52-4FE0-8D52-985922AC5D12}.Debug|iPhone.Deploy.0 = Debug|Any CPU
		{AE1977E3-AC52-4FE0-8D52-985922AC5D12}.Debug|iPhoneSimulator.ActiveCfg = Debug|Any CPU
		{AE1977E3-AC52-4FE0-8D52-985922AC5D12}.Debug|iPhoneSimulator.Build.0 = Debug|Any CPU
		{AE1977E3-AC52-4FE0-8D52-985922AC5D12}.Debug|iPhoneSimulator.Deploy.0 = Debug|Any CPU
		{AE1977E3-AC52-4FE0-8D52-985922AC5D12}.Release|Any CPU.ActiveCfg = Release|Any CPU
		{AE1977E3-AC52-4FE0-8D52-985922AC5D12}.Release|Any CPU.Build.0 = Release|Any CPU
		{AE1977E3-AC52-4FE0-8D52-985922AC5D12}.Release|Any CPU.Deploy.0 = Release|Any CPU
		{AE1977E3-AC52-4FE0-8D52-985922AC5D12}.Release|iPhone.ActiveCfg = Release|Any CPU
		{AE1977E3-AC52-4FE0-8D52-985922AC5D12}.Release|iPhone.Build.0 = Release|Any CPU
		{AE1977E3-AC52-4FE0-8D52-985922AC5D12}.Release|iPhone.Deploy.0 = Release|Any CPU
		{AE1977E3-AC52-4FE0-8D52-985922AC5D12}.Release|iPhoneSimulator.ActiveCfg = Release|Any CPU
		{AE1977E3-AC52-4FE0-8D52-985922AC5D12}.Release|iPhoneSimulator.Build.0 = Release|Any CPU
		{AE1977E3-AC52-4FE0-8D52-985922AC5D12}.Release|iPhoneSimulator.Deploy.0 = Release|Any CPU
		{8E51F494-334F-4CEE-A3CF-60C9E03B636C}.Debug|Any CPU.ActiveCfg = Debug|iPhoneSimulator
		{8E51F494-334F-4CEE-A3CF-60C9E03B636C}.Debug|Any CPU.Build.0 = Debug|iPhoneSimulator
		{8E51F494-334F-4CEE-A3CF-60C9E03B636C}.Debug|Any CPU.Deploy.0 = Debug|iPhoneSimulator
		{8E51F494-334F-4CEE-A3CF-60C9E03B636C}.Debug|iPhone.ActiveCfg = Debug|iPhone
		{8E51F494-334F-4CEE-A3CF-60C9E03B636C}.Debug|iPhone.Build.0 = Debug|iPhone
		{8E51F494-334F-4CEE-A3CF-60C9E03B636C}.Debug|iPhone.Deploy.0 = Debug|iPhone
		{8E51F494-334F-4CEE-A3CF-60C9E03B636C}.Debug|iPhoneSimulator.ActiveCfg = Debug|iPhoneSimulator
		{8E51F494-334F-4CEE-A3CF-60C9E03B636C}.Debug|iPhoneSimulator.Build.0 = Debug|iPhoneSimulator
		{8E51F494-334F-4CEE-A3CF-60C9E03B636C}.Debug|iPhoneSimulator.Deploy.0 = Debug|iPhoneSimulator
		{8E51F494-334F-4CEE-A3CF-60C9E03B636C}.Release|Any CPU.ActiveCfg = Release|iPhone
		{8E51F494-334F-4CEE-A3CF-60C9E03B636C}.Release|Any CPU.Build.0 = Release|iPhone
		{8E51F494-334F-4CEE-A3CF-60C9E03B636C}.Release|Any CPU.Deploy.0 = Release|iPhone
		{8E51F494-334F-4CEE-A3CF-60C9E03B636C}.Release|iPhone.ActiveCfg = Release|iPhone
		{8E51F494-334F-4CEE-A3CF-60C9E03B636C}.Release|iPhone.Build.0 = Release|iPhone
		{8E51F494-334F-4CEE-A3CF-60C9E03B636C}.Release|iPhone.Deploy.0 = Release|iPhone
		{8E51F494-334F-4CEE-A3CF-60C9E03B636C}.Release|iPhoneSimulator.ActiveCfg = Release|iPhoneSimulator
		{8E51F494-334F-4CEE-A3CF-60C9E03B636C}.Release|iPhoneSimulator.Build.0 = Release|iPhoneSimulator
		{8E51F494-334F-4CEE-A3CF-60C9E03B636C}.Release|iPhoneSimulator.Deploy.0 = Release|iPhoneSimulator
		{68558B5C-53F4-4CEA-ADF6-BFDDD5F789FF}.Debug|Any CPU.ActiveCfg = Debug|Any CPU
		{68558B5C-53F4-4CEA-ADF6-BFDDD5F789FF}.Debug|Any CPU.Build.0 = Debug|Any CPU
		{68558B5C-53F4-4CEA-ADF6-BFDDD5F789FF}.Debug|Any CPU.Deploy.0 = Debug|Any CPU
		{68558B5C-53F4-4CEA-ADF6-BFDDD5F789FF}.Debug|iPhone.ActiveCfg = Debug|Any CPU
		{68558B5C-53F4-4CEA-ADF6-BFDDD5F789FF}.Debug|iPhone.Build.0 = Debug|Any CPU
		{68558B5C-53F4-4CEA-ADF6-BFDDD5F789FF}.Debug|iPhone.Deploy.0 = Debug|Any CPU
		{68558B5C-53F4-4CEA-ADF6-BFDDD5F789FF}.Debug|iPhoneSimulator.ActiveCfg = Debug|Any CPU
		{68558B5C-53F4-4CEA-ADF6-BFDDD5F789FF}.Debug|iPhoneSimulator.Build.0 = Debug|Any CPU
		{68558B5C-53F4-4CEA-ADF6-BFDDD5F789FF}.Debug|iPhoneSimulator.Deploy.0 = Debug|Any CPU
		{68558B5C-53F4-4CEA-ADF6-BFDDD5F789FF}.Release|Any CPU.ActiveCfg = Release|Any CPU
		{68558B5C-53F4-4CEA-ADF6-BFDDD5F789FF}.Release|Any CPU.Build.0 = Release|Any CPU
		{68558B5C-53F4-4CEA-ADF6-BFDDD5F789FF}.Release|Any CPU.Deploy.0 = Release|Any CPU
		{68558B5C-53F4-4CEA-ADF6-BFDDD5F789FF}.Release|iPhone.ActiveCfg = Release|Any CPU
		{68558B5C-53F4-4CEA-ADF6-BFDDD5F789FF}.Release|iPhone.Build.0 = Release|Any CPU
		{68558B5C-53F4-4CEA-ADF6-BFDDD5F789FF}.Release|iPhone.Deploy.0 = Release|Any CPU
		{68558B5C-53F4-4CEA-ADF6-BFDDD5F789FF}.Release|iPhoneSimulator.ActiveCfg = Release|Any CPU
		{68558B5C-53F4-4CEA-ADF6-BFDDD5F789FF}.Release|iPhoneSimulator.Build.0 = Release|Any CPU
		{68558B5C-53F4-4CEA-ADF6-BFDDD5F789FF}.Release|iPhoneSimulator.Deploy.0 = Release|Any CPU
	EndGlobalSection
	GlobalSection(SolutionProperties) = preSolution
		HideSolutionNode = FALSE
	EndGlobalSection
	GlobalSection(ExtensibilityGlobals) = postSolution
		SolutionGuid = {E17C89A4-874F-47E3-B284-AC631CCAE627}
	EndGlobalSection
EndGlobal
